// !$*UTF8*$!
{
	archiveVersion = 1;
	classes = {
	};
	objectVersion = 50;
	objects = {

/* Begin PBXBuildFile section */
		5C147316224BF2B000377189 /* image.jpg in Resources */ = {isa = PBXBuildFile; fileRef = 5C147315224BF2B000377189 /* image.jpg */; };
		5C4E4F212249506600D414BB /* AppDelegate.swift in Sources */ = {isa = PBXBuildFile; fileRef = 5C4E4F202249506600D414BB /* AppDelegate.swift */; };
		5C4E4F232249506600D414BB /* ViewController.swift in Sources */ = {isa = PBXBuildFile; fileRef = 5C4E4F222249506600D414BB /* ViewController.swift */; };
		5C4E4F262249506600D414BB /* Main.storyboard in Resources */ = {isa = PBXBuildFile; fileRef = 5C4E4F242249506600D414BB /* Main.storyboard */; };
		5C4E4F282249506700D414BB /* Assets.xcassets in Resources */ = {isa = PBXBuildFile; fileRef = 5C4E4F272249506700D414BB /* Assets.xcassets */; };
		5C4E4F2B2249506700D414BB /* LaunchScreen.storyboard in Resources */ = {isa = PBXBuildFile; fileRef = 5C4E4F292249506700D414BB /* LaunchScreen.storyboard */; };
		5C4E4F362249506700D414BB /* HW_24_Drawing_SupermanTests.swift in Sources */ = {isa = PBXBuildFile; fileRef = 5C4E4F352249506700D414BB /* HW_24_Drawing_SupermanTests.swift */; };
		5C4E4F412249506700D414BB /* HW_24_Drawing_SupermanUITests.swift in Sources */ = {isa = PBXBuildFile; fileRef = 5C4E4F402249506700D414BB /* HW_24_Drawing_SupermanUITests.swift */; };
		5C4E4F4F224950B300D414BB /* DrawingView.swift in Sources */ = {isa = PBXBuildFile; fileRef = 5C4E4F4E224950B300D414BB /* DrawingView.swift */; };
/* End PBXBuildFile section */

/* Begin PBXContainerItemProxy section */
		5C4E4F322249506700D414BB /* PBXContainerItemProxy */ = {
			isa = PBXContainerItemProxy;
			containerPortal = 5C4E4F152249506500D414BB /* Project object */;
			proxyType = 1;
			remoteGlobalIDString = 5C4E4F1C2249506600D414BB;
			remoteInfo = "HW 24 Drawing Superman";
		};
		5C4E4F3D2249506700D414BB /* PBXContainerItemProxy */ = {
			isa = PBXContainerItemProxy;
			containerPortal = 5C4E4F152249506500D414BB /* Project object */;
			proxyType = 1;
			remoteGlobalIDString = 5C4E4F1C2249506600D414BB;
			remoteInfo = "HW 24 Drawing Superman";
		};
/* End PBXContainerItemProxy section */

/* Begin PBXFileReference section */
		5C147315224BF2B000377189 /* image.jpg */ = {isa = PBXFileReference; lastKnownFileType = image.jpeg; name = image.jpg; path = "HW 24 Drawing Superman/images/image.jpg"; sourceTree = SOURCE_ROOT; };
		5C4E4F1D2249506600D414BB /* HW 24 Drawing Superman.app */ = {isa = PBXFileReference; explicitFileType = wrapper.application; includeInIndex = 0; path = "HW 24 Drawing Superman.app"; sourceTree = BUILT_PRODUCTS_DIR; };
		5C4E4F202249506600D414BB /* AppDelegate.swift */ = {isa = PBXFileReference; lastKnownFileType = sourcecode.swift; path = AppDelegate.swift; sourceTree = "<group>"; };
		5C4E4F222249506600D414BB /* ViewController.swift */ = {isa = PBXFileReference; lastKnownFileType = sourcecode.swift; path = ViewController.swift; sourceTree = "<group>"; };
		5C4E4F252249506600D414BB /* Base */ = {isa = PBXFileReference; lastKnownFileType = file.storyboard; name = Base; path = Base.lproj/Main.storyboard; sourceTree = "<group>"; };
		5C4E4F272249506700D414BB /* Assets.xcassets */ = {isa = PBXFileReference; lastKnownFileType = folder.assetcatalog; path = Assets.xcassets; sourceTree = "<group>"; };
		5C4E4F2A2249506700D414BB /* Base */ = {isa = PBXFileReference; lastKnownFileType = file.storyboard; name = Base; path = Base.lproj/LaunchScreen.storyboard; sourceTree = "<group>"; };
		5C4E4F2C2249506700D414BB /* Info.plist */ = {isa = PBXFileReference; lastKnownFileType = text.plist.xml; path = Info.plist; sourceTree = "<group>"; };
		5C4E4F312249506700D414BB /* HW 24 Drawing SupermanTests.xctest */ = {isa = PBXFileReference; explicitFileType = wrapper.cfbundle; includeInIndex = 0; path = "HW 24 Drawing SupermanTests.xctest"; sourceTree = BUILT_PRODUCTS_DIR; };
		5C4E4F352249506700D414BB /* HW_24_Drawing_SupermanTests.swift */ = {isa = PBXFileReference; lastKnownFileType = sourcecode.swift; path = HW_24_Drawing_SupermanTests.swift; sourceTree = "<group>"; };
		5C4E4F372249506700D414BB /* Info.plist */ = {isa = PBXFileReference; lastKnownFileType = text.plist.xml; path = Info.plist; sourceTree = "<group>"; };
		5C4E4F3C2249506700D414BB /* HW 24 Drawing SupermanUITests.xctest */ = {isa = PBXFileReference; explicitFileType = wrapper.cfbundle; includeInIndex = 0; path = "HW 24 Drawing SupermanUITests.xctest"; sourceTree = BUILT_PRODUCTS_DIR; };
		5C4E4F402249506700D414BB /* HW_24_Drawing_SupermanUITests.swift */ = {isa = PBXFileReference; lastKnownFileType = sourcecode.swift; path = HW_24_Drawing_SupermanUITests.swift; sourceTree = "<group>"; };
		5C4E4F422249506700D414BB /* Info.plist */ = {isa = PBXFileReference; lastKnownFileType = text.plist.xml; path = Info.plist; sourceTree = "<group>"; };
		5C4E4F4E224950B300D414BB /* DrawingView.swift */ = {isa = PBXFileReference; lastKnownFileType = sourcecode.swift; path = DrawingView.swift; sourceTree = "<group>"; };
/* End PBXFileReference section */

/* Begin PBXFrameworksBuildPhase section */
		5C4E4F1A2249506600D414BB /* Frameworks */ = {
			isa = PBXFrameworksBuildPhase;
			buildActionMask = 2147483647;
			files = (
			);
			runOnlyForDeploymentPostprocessing = 0;
		};
		5C4E4F2E2249506700D414BB /* Frameworks */ = {
			isa = PBXFrameworksBuildPhase;
			buildActionMask = 2147483647;
			files = (
			);
			runOnlyForDeploymentPostprocessing = 0;
		};
		5C4E4F392249506700D414BB /* Frameworks */ = {
			isa = PBXFrameworksBuildPhase;
			buildActionMask = 2147483647;
			files = (
			);
			runOnlyForDeploymentPostprocessing = 0;
		};
/* End PBXFrameworksBuildPhase section */

/* Begin PBXGroup section */
		5C147314224BF28200377189 /* Image */ = {
			isa = PBXGroup;
			children = (
				5C147315224BF2B000377189 /* image.jpg */,
			);
			path = Image;
			sourceTree = "<group>";
		};
		5C4E4F142249506500D414BB = {
			isa = PBXGroup;
			children = (
				5C4E4F1F2249506600D414BB /* HW 24 Drawing Superman */,
				5C4E4F342249506700D414BB /* HW 24 Drawing SupermanTests */,
				5C4E4F3F2249506700D414BB /* HW 24 Drawing SupermanUITests */,
				5C4E4F1E2249506600D414BB /* Products */,
				5C147314224BF28200377189 /* Image */,
			);
			sourceTree = "<group>";
		};
		5C4E4F1E2249506600D414BB /* Products */ = {
			isa = PBXGroup;
			children = (
				5C4E4F1D2249506600D414BB /* HW 24 Drawing Superman.app */,
				5C4E4F312249506700D414BB /* HW 24 Drawing SupermanTests.xctest */,
				5C4E4F3C2249506700D414BB /* HW 24 Drawing SupermanUITests.xctest */,
			);
			name = Products;
			sourceTree = "<group>";
		};
		5C4E4F1F2249506600D414BB /* HW 24 Drawing Superman */ = {
			isa = PBXGroup;
			children = (
				5C4E4F4E224950B300D414BB /* DrawingView.swift */,
				5C4E4F202249506600D414BB /* AppDelegate.swift */,
				5C4E4F222249506600D414BB /* ViewController.swift */,
				5C4E4F242249506600D414BB /* Main.storyboard */,
				5C4E4F272249506700D414BB /* Assets.xcassets */,
				5C4E4F292249506700D414BB /* LaunchScreen.storyboard */,
				5C4E4F2C2249506700D414BB /* Info.plist */,
			);
			path = "HW 24 Drawing Superman";
			sourceTree = "<group>";
		};
		5C4E4F342249506700D414BB /* HW 24 Drawing SupermanTests */ = {
			isa = PBXGroup;
			children = (
				5C4E4F352249506700D414BB /* HW_24_Drawing_SupermanTests.swift */,
				5C4E4F372249506700D414BB /* Info.plist */,
			);
			path = "HW 24 Drawing SupermanTests";
			sourceTree = "<group>";
		};
		5C4E4F3F2249506700D414BB /* HW 24 Drawing SupermanUITests */ = {
			isa = PBXGroup;
			children = (
				5C4E4F402249506700D414BB /* HW_24_Drawing_SupermanUITests.swift */,
				5C4E4F422249506700D414BB /* Info.plist */,
			);
			path = "HW 24 Drawing SupermanUITests";
			sourceTree = "<group>";
		};
/* End PBXGroup section */

/* Begin PBXNativeTarget section */
		5C4E4F1C2249506600D414BB /* HW 24 Drawing Superman */ = {
			isa = PBXNativeTarget;
			buildConfigurationList = 5C4E4F452249506700D414BB /* Build configuration list for PBXNativeTarget "HW 24 Drawing Superman" */;
			buildPhases = (
				5C4E4F192249506600D414BB /* Sources */,
				5C4E4F1A2249506600D414BB /* Frameworks */,
				5C4E4F1B2249506600D414BB /* Resources */,
			);
			buildRules = (
			);
			dependencies = (
			);
			name = "HW 24 Drawing Superman";
			productName = "HW 24 Drawing Superman";
			productReference = 5C4E4F1D2249506600D414BB /* HW 24 Drawing Superman.app */;
			productType = "com.apple.product-type.application";
		};
		5C4E4F302249506700D414BB /* HW 24 Drawing SupermanTests */ = {
			isa = PBXNativeTarget;
			buildConfigurationList = 5C4E4F482249506700D414BB /* Build configuration list for PBXNativeTarget "HW 24 Drawing SupermanTests" */;
			buildPhases = (
				5C4E4F2D2249506700D414BB /* Sources */,
				5C4E4F2E2249506700D414BB /* Frameworks */,
				5C4E4F2F2249506700D414BB /* Resources */,
			);
			buildRules = (
			);
			dependencies = (
				5C4E4F332249506700D414BB /* PBXTargetDependency */,
			);
			name = "HW 24 Drawing SupermanTests";
			productName = "HW 24 Drawing SupermanTests";
			productReference = 5C4E4F312249506700D414BB /* HW 24 Drawing SupermanTests.xctest */;
			productType = "com.apple.product-type.bundle.unit-test";
		};
		5C4E4F3B2249506700D414BB /* HW 24 Drawing SupermanUITests */ = {
			isa = PBXNativeTarget;
			buildConfigurationList = 5C4E4F4B2249506700D414BB /* Build configuration list for PBXNativeTarget "HW 24 Drawing SupermanUITests" */;
			buildPhases = (
				5C4E4F382249506700D414BB /* Sources */,
				5C4E4F392249506700D414BB /* Frameworks */,
				5C4E4F3A2249506700D414BB /* Resources */,
			);
			buildRules = (
			);
			dependencies = (
				5C4E4F3E2249506700D414BB /* PBXTargetDependency */,
			);
			name = "HW 24 Drawing SupermanUITests";
			productName = "HW 24 Drawing SupermanUITests";
			productReference = 5C4E4F3C2249506700D414BB /* HW 24 Drawing SupermanUITests.xctest */;
			productType = "com.apple.product-type.bundle.ui-testing";
		};
/* End PBXNativeTarget section */

/* Begin PBXProject section */
		5C4E4F152249506500D414BB /* Project object */ = {
			isa = PBXProject;
			attributes = {
				LastSwiftUpdateCheck = 1010;
				LastUpgradeCheck = 1010;
				ORGANIZATIONNAME = "Kirill Fedorov";
				TargetAttributes = {
					5C4E4F1C2249506600D414BB = {
						CreatedOnToolsVersion = 10.1;
					};
					5C4E4F302249506700D414BB = {
						CreatedOnToolsVersion = 10.1;
						TestTargetID = 5C4E4F1C2249506600D414BB;
					};
					5C4E4F3B2249506700D414BB = {
						CreatedOnToolsVersion = 10.1;
						TestTargetID = 5C4E4F1C2249506600D414BB;
					};
				};
			};
			buildConfigurationList = 5C4E4F182249506500D414BB /* Build configuration list for PBXProject "HW 24 Drawing Superman" */;
			compatibilityVersion = "Xcode 9.3";
			developmentRegion = en;
			hasScannedForEncodings = 0;
			knownRegions = (
				en,
				Base,
			);
			mainGroup = 5C4E4F142249506500D414BB;
			productRefGroup = 5C4E4F1E2249506600D414BB /* Products */;
			projectDirPath = "";
			projectRoot = "";
			targets = (
				5C4E4F1C2249506600D414BB /* HW 24 Drawing Superman */,
				5C4E4F302249506700D414BB /* HW 24 Drawing SupermanTests */,
				5C4E4F3B2249506700D414BB /* HW 24 Drawing SupermanUITests */,
			);
		};
/* End PBXProject section */

/* Begin PBXResourcesBuildPhase section */
		5C4E4F1B2249506600D414BB /* Resources */ = {
			isa = PBXResourcesBuildPhase;
			buildActionMask = 2147483647;
			files = (
				5C4E4F2B2249506700D414BB /* LaunchScreen.storyboard in Resources */,
				5C4E4F282249506700D414BB /* Assets.xcassets in Resources */,
				5C4E4F262249506600D414BB /* Main.storyboard in Resources */,
				5C147316224BF2B000377189 /* image.jpg in Resources */,
			);
			runOnlyForDeploymentPostprocessing = 0;
		};
		5C4E4F2F2249506700D414BB /* Resources */ = {
			isa = PBXResourcesBuildPhase;
			buildActionMask = 2147483647;
			files = (
			);
			runOnlyForDeploymentPostprocessing = 0;
		};
		5C4E4F3A2249506700D414BB /* Resources */ = {
			isa = PBXResourcesBuildPhase;
			buildActionMask = 2147483647;
			files = (
			);
			runOnlyForDeploymentPostprocessing = 0;
		};
/* End PBXResourcesBuildPhase section */

/* Begin PBXSourcesBuildPhase section */
		5C4E4F192249506600D414BB /* Sources */ = {
			isa = PBXSourcesBuildPhase;
			buildActionMask = 2147483647;
			files = (
				5C4E4F4F224950B300D414BB /* DrawingView.swift in Sources */,
				5C4E4F232249506600D414BB /* ViewController.swift in Sources */,
				5C4E4F212249506600D414BB /* AppDelegate.swift in Sources */,
			);
			runOnlyForDeploymentPostprocessing = 0;
		};
		5C4E4F2D2249506700D414BB /* Sources */ = {
			isa = PBXSourcesBuildPhase;
			buildActionMask = 2147483647;
			files = (
				5C4E4F362249506700D414BB /* HW_24_Drawing_SupermanTests.swift in Sources */,
			);
			runOnlyForDeploymentPostprocessing = 0;
		};
		5C4E4F382249506700D414BB /* Sources */ = {
			isa = PBXSourcesBuildPhase;
			buildActionMask = 2147483647;
			files = (
				5C4E4F412249506700D414BB /* HW_24_Drawing_SupermanUITests.swift in Sources */,
			);
			runOnlyForDeploymentPostprocessing = 0;
		};
/* End PBXSourcesBuildPhase section */

/* Begin PBXTargetDependency section */
		5C4E4F332249506700D414BB /* PBXTargetDependency */ = {
			isa = PBXTargetDependency;
			target = 5C4E4F1C2249506600D414BB /* HW 24 Drawing Superman */;
			targetProxy = 5C4E4F322249506700D414BB /* PBXContainerItemProxy */;
		};
		5C4E4F3E2249506700D414BB /* PBXTargetDependency */ = {
			isa = PBXTargetDependency;
			target = 5C4E4F1C2249506600D414BB /* HW 24 Drawing Superman */;
			targetProxy = 5C4E4F3D2249506700D414BB /* PBXContainerItemProxy */;
		};
/* End PBXTargetDependency section */

/* Begin PBXVariantGroup section */
		5C4E4F242249506600D414BB /* Main.storyboard */ = {
			isa = PBXVariantGroup;
			children = (
				5C4E4F252249506600D414BB /* Base */,
			);
			name = Main.storyboard;
			sourceTree = "<group>";
		};
		5C4E4F292249506700D414BB /* LaunchScreen.storyboard */ = {
			isa = PBXVariantGroup;
			children = (
				5C4E4F2A2249506700D414BB /* Base */,
			);
			name = LaunchScreen.storyboard;
			sourceTree = "<group>";
		};
/* End PBXVariantGroup section */

/* Begin XCBuildConfiguration section */
		5C4E4F432249506700D414BB /* Debug */ = {
			isa = XCBuildConfiguration;
			buildSettings = {
				ALWAYS_SEARCH_USER_PATHS = NO;
				CLANG_ANALYZER_NONNULL = YES;
				CLANG_ANALYZER_NUMBER_OBJECT_CONVERSION = YES_AGGRESSIVE;
				CLANG_CXX_LANGUAGE_STANDARD = "gnu++14";
				CLANG_CXX_LIBRARY = "libc++";
				CLANG_ENABLE_MODULES = YES;
				CLANG_ENABLE_OBJC_ARC = YES;
				CLANG_ENABLE_OBJC_WEAK = YES;
				CLANG_WARN_BLOCK_CAPTURE_AUTORELEASING = YES;
				CLANG_WARN_BOOL_CONVERSION = YES;
				CLANG_WARN_COMMA = YES;
				CLANG_WARN_CONSTANT_CONVERSION = YES;
				CLANG_WARN_DEPRECATED_OBJC_IMPLEMENTATIONS = YES;
				CLANG_WARN_DIRECT_OBJC_ISA_USAGE = YES_ERROR;
				CLANG_WARN_DOCUMENTATION_COMMENTS = YES;
				CLANG_WARN_EMPTY_BODY = YES;
				CLANG_WARN_ENUM_CONVERSION = YES;
				CLANG_WARN_INFINITE_RECURSION = YES;
				CLANG_WARN_INT_CONVERSION = YES;
				CLANG_WARN_NON_LITERAL_NULL_CONVERSION = YES;
				CLANG_WARN_OBJC_IMPLICIT_RETAIN_SELF = YES;
				CLANG_WARN_OBJC_LITERAL_CONVERSION = YES;
				CLANG_WARN_OBJC_ROOT_CLASS = YES_ERROR;
				CLANG_WARN_RANGE_LOOP_ANALYSIS = YES;
				CLANG_WARN_STRICT_PROTOTYPES = YES;
				CLANG_WARN_SUSPICIOUS_MOVE = YES;
				CLANG_WARN_UNGUARDED_AVAILABILITY = YES_AGGRESSIVE;
				CLANG_WARN_UNREACHABLE_CODE = YES;
				CLANG_WARN__DUPLICATE_METHOD_MATCH = YES;
				CODE_SIGN_IDENTITY = "iPhone Developer";
				COPY_PHASE_STRIP = NO;
				DEBUG_INFORMATION_FORMAT = dwarf;
				ENABLE_STRICT_OBJC_MSGSEND = YES;
				ENABLE_TESTABILITY = YES;
				GCC_C_LANGUAGE_STANDARD = gnu11;
				GCC_DYNAMIC_NO_PIC = NO;
				GCC_NO_COMMON_BLOCKS = YES;
				GCC_OPTIMIZATION_LEVEL = 0;
				GCC_PREPROCESSOR_DEFINITIONS = (
					"DEBUG=1",
					"$(inherited)",
				);
				GCC_WARN_64_TO_32_BIT_CONVERSION = YES;
				GCC_WARN_ABOUT_RETURN_TYPE = YES_ERROR;
				GCC_WARN_UNDECLARED_SELECTOR = YES;
				GCC_WARN_UNINITIALIZED_AUTOS = YES_AGGRESSIVE;
				GCC_WARN_UNUSED_FUNCTION = YES;
				GCC_WARN_UNUSED_VARIABLE = YES;
				IPHONEOS_DEPLOYMENT_TARGET = 12.1;
				MTL_ENABLE_DEBUG_INFO = INCLUDE_SOURCE;
				MTL_FAST_MATH = YES;
				ONLY_ACTIVE_ARCH = YES;
				SDKROOT = iphoneos;
				SWIFT_ACTIVE_COMPILATION_CONDITIONS = DEBUG;
				SWIFT_OPTIMIZATION_LEVEL = "-Onone";
			};
			name = Debug;
		};
		5C4E4F442249506700D414BB /* Release */ = {
			isa = XCBuildConfiguration;
			buildSettings = {
				ALWAYS_SEARCH_USER_PATHS = NO;
				CLANG_ANALYZER_NONNULL = YES;
				CLANG_ANALYZER_NUMBER_OBJECT_CONVERSION = YES_AGGRESSIVE;
				CLANG_CXX_LANGUAGE_STANDARD = "gnu++14";
				CLANG_CXX_LIBRARY = "libc++";
				CLANG_ENABLE_MODULES = YES;
				CLANG_ENABLE_OBJC_ARC = YES;
				CLANG_ENABLE_OBJC_WEAK = YES;
				CLANG_WARN_BLOCK_CAPTURE_AUTORELEASING = YES;
				CLANG_WARN_BOOL_CONVERSION = YES;
				CLANG_WARN_COMMA = YES;
				CLANG_WARN_CONSTANT_CONVERSION = YES;
				CLANG_WARN_DEPRECATED_OBJC_IMPLEMENTATIONS = YES;
				CLANG_WARN_DIRECT_OBJC_ISA_USAGE = YES_ERROR;
				CLANG_WARN_DOCUMENTATION_COMMENTS = YES;
				CLANG_WARN_EMPTY_BODY = YES;
				CLANG_WARN_ENUM_CONVERSION = YES;
				CLANG_WARN_INFINITE_RECURSION = YES;
				CLANG_WARN_INT_CONVERSION = YES;
				CLANG_WARN_NON_LITERAL_NULL_CONVERSION = YES;
				CLANG_WARN_OBJC_IMPLICIT_RETAIN_SELF = YES;
				CLANG_WARN_OBJC_LITERAL_CONVERSION = YES;
				CLANG_WARN_OBJC_ROOT_CLASS = YES_ERROR;
				CLANG_WARN_RANGE_LOOP_ANALYSIS = YES;
				CLANG_WARN_STRICT_PROTOTYPES = YES;
				CLANG_WARN_SUSPICIOUS_MOVE = YES;
				CLANG_WARN_UNGUARDED_AVAILABILITY = YES_AGGRESSIVE;
				CLANG_WARN_UNREACHABLE_CODE = YES;
				CLANG_WARN__DUPLICATE_METHOD_MATCH = YES;
				CODE_SIGN_IDENTITY = "iPhone Developer";
				COPY_PHASE_STRIP = NO;
				DEBUG_INFORMATION_FORMAT = "dwarf-with-dsym";
				ENABLE_NS_ASSERTIONS = NO;
				ENABLE_STRICT_OBJC_MSGSEND = YES;
				GCC_C_LANGUAGE_STANDARD = gnu11;
				GCC_NO_COMMON_BLOCKS = YES;
				GCC_WARN_64_TO_32_BIT_CONVERSION = YES;
				GCC_WARN_ABOUT_RETURN_TYPE = YES_ERROR;
				GCC_WARN_UNDECLARED_SELECTOR = YES;
				GCC_WARN_UNINITIALIZED_AUTOS = YES_AGGRESSIVE;
				GCC_WARN_UNUSED_FUNCTION = YES;
				GCC_WARN_UNUSED_VARIABLE = YES;
				IPHONEOS_DEPLOYMENT_TARGET = 12.1;
				MTL_ENABLE_DEBUG_INFO = NO;
				MTL_FAST_MATH = YES;
				SDKROOT = iphoneos;
				SWIFT_COMPILATION_MODE = wholemodule;
				SWIFT_OPTIMIZATION_LEVEL = "-O";
				VALIDATE_PRODUCT = YES;
			};
			name = Release;
		};
		5C4E4F462249506700D414BB /* Debug */ = {
			isa = XCBuildConfiguration;
			buildSettings = {
				ASSETCATALOG_COMPILER_APPICON_NAME = AppIcon;
				CODE_SIGN_STYLE = Automatic;
				DEVELOPMENT_TEAM = 4K2VL2BQJM;
				INFOPLIST_FILE = "HW 24 Drawing Superman/Info.plist";
				LD_RUNPATH_SEARCH_PATHS = (
					"$(inherited)",
					"@executable_path/Frameworks",
				);
				PRODUCT_BUNDLE_IDENTIFIER = "Kirill-Fedorov.HW-24-Drawing-Superman";
				PRODUCT_NAME = "$(TARGET_NAME)";
				SWIFT_VERSION = 4.2;
				TARGETED_DEVICE_FAMILY = "1,2";
			};
			name = Debug;
		};
		5C4E4F472249506700D414BB /* Release */ = {
			isa = XCBuildConfiguration;
			buildSettings = {
				ASSETCATALOG_COMPILER_APPICON_NAME = AppIcon;
				CODE_SIGN_STYLE = Automatic;
				DEVELOPMENT_TEAM = 4K2VL2BQJM;
				INFOPLIST_FILE = "HW 24 Drawing Superman/Info.plist";
				LD_RUNPATH_SEARCH_PATHS = (
					"$(inherited)",
					"@executable_path/Frameworks",
				);
				PRODUCT_BUNDLE_IDENTIFIER = "Kirill-Fedorov.HW-24-Drawing-Superman";
				PRODUCT_NAME = "$(TARGET_NAME)";
				SWIFT_VERSION = 4.2;
				TARGETED_DEVICE_FAMILY = "1,2";
			};
			name = Release;
		};
		5C4E4F492249506700D414BB /* Debug */ = {
			isa = XCBuildConfiguration;
			buildSettings = {
				ALWAYS_EMBED_SWIFT_STANDARD_LIBRARIES = YES;
				BUNDLE_LOADER = "$(TEST_HOST)";
				CODE_SIGN_STYLE = Automatic;
				DEVELOPMENT_TEAM = 4K2VL2BQJM;
				INFOPLIST_FILE = "HW 24 Drawing SupermanTests/Info.plist";
				LD_RUNPATH_SEARCH_PATHS = (
					"$(inherited)",
					"@executable_path/Frameworks",
					"@loader_path/Frameworks",
				);
				PRODUCT_BUNDLE_IDENTIFIER = "Kirill-Fedorov.HW-24-Drawing-SupermanTests";
				PRODUCT_NAME = "$(TARGET_NAME)";
				SWIFT_VERSION = 4.2;
				TARGETED_DEVICE_FAMILY = "1,2";
				TEST_HOST = "$(BUILT_PRODUCTS_DIR)/HW 24 Drawing Superman.app/HW 24 Drawing Superman";
			};
			name = Debug;
		};
		5C4E4F4A2249506700D414BB /* Release */ = {
			isa = XCBuildConfiguration;
			buildSettings = {
				ALWAYS_EMBED_SWIFT_STANDARD_LIBRARIES = YES;
				BUNDLE_LOADER = "$(TEST_HOST)";
				CODE_SIGN_STYLE = Automatic;
				DEVELOPMENT_TEAM = 4K2VL2BQJM;
				INFOPLIST_FILE = "HW 24 Drawing SupermanTests/Info.plist";
				LD_RUNPATH_SEARCH_PATHS = (
					"$(inherited)",
					"@executable_path/Frameworks",
					"@loader_path/Frameworks",
				);
				PRODUCT_BUNDLE_IDENTIFIER = "Kirill-Fedorov.HW-24-Drawing-SupermanTests";
				PRODUCT_NAME = "$(TARGET_NAME)";
				SWIFT_VERSION = 4.2;
				TARGETED_DEVICE_FAMILY = "1,2";
				TEST_HOST = "$(BUILT_PRODUCTS_DIR)/HW 24 Drawing Superman.app/HW 24 Drawing Superman";
			};
			name = Release;
		};
		5C4E4F4C2249506700D414BB /* Debug */ = {
			isa = XCBuildConfiguration;
			buildSettings = {
				ALWAYS_EMBED_SWIFT_STANDARD_LIBRARIES = YES;
				CODE_SIGN_STYLE = Automatic;
				DEVELOPMENT_TEAM = 4K2VL2BQJM;
				INFOPLIST_FILE = "HW 24 Drawing SupermanUITests/Info.plist";
				LD_RUNPATH_SEARCH_PATHS = (
					"$(inherited)",
					"@executable_path/Frameworks",
					"@loader_path/Frameworks",
				);
				PRODUCT_BUNDLE_IDENTIFIER = "Kirill-Fedorov.HW-24-Drawing-SupermanUITests";
				PRODUCT_NAME = "$(TARGET_NAME)";
				SWIFT_VERSION = 4.2;
				TARGETED_DEVICE_FAMILY = "1,2";
				TEST_TARGET_NAME = "HW 24 Drawing Superman";
			};
			name = Debug;
		};
		5C4E4F4D2249506700D414BB /* Release */ = {
			isa = XCBuildConfiguration;
			buildSettings = {
				ALWAYS_EMBED_SWIFT_STANDARD_LIBRARIES = YES;
				CODE_SIGN_STYLE = Automatic;
				DEVELOPMENT_TEAM = 4K2VL2BQJM;
				INFOPLIST_FILE = "HW 24 Drawing SupermanUITests/Info.plist";
				LD_RUNPATH_SEARCH_PATHS = (
					"$(inherited)",
					"@executable_path/Frameworks",
					"@loader_path/Frameworks",
				);
				PRODUCT_BUNDLE_IDENTIFIER = "Kirill-Fedorov.HW-24-Drawing-SupermanUITests";
				PRODUCT_NAME = "$(TARGET_NAME)";
				SWIFT_VERSION = 4.2;
				TARGETED_DEVICE_FAMILY = "1,2";
				TEST_TARGET_NAME = "HW 24 Drawing Superman";
			};
			name = Release;
		};
/* End XCBuildConfiguration section */

/* Begin XCConfigurationList section */
		5C4E4F182249506500D414BB /* Build configuration list for PBXProject "HW 24 Drawing Superman" */ = {
			isa = XCConfigurationList;
			buildConfigurations = (
				5C4E4F432249506700D414BB /* Debug */,
				5C4E4F442249506700D414BB /* Release */,
			);
			defaultConfigurationIsVisible = 0;
			defaultConfigurationName = Release;
		};
		5C4E4F452249506700D414BB /* Build configuration list for PBXNativeTarget "HW 24 Drawing Superman" */ = {
			isa = XCConfigurationList;
			buildConfigurations = (
				5C4E4F462249506700D414BB /* Debug */,
				5C4E4F472249506700D414BB /* Release */,
			);
			defaultConfigurationIsVisible = 0;
			defaultConfigurationName = Release;
		};
		5C4E4F482249506700D414BB /* Build configuration list for PBXNativeTarget "HW 24 Drawing SupermanTests" */ = {
			isa = XCConfigurationList;
			buildConfigurations = (
				5C4E4F492249506700D414BB /* Debug */,
				5C4E4F4A2249506700D414BB /* Release */,
			);
			defaultConfigurationIsVisible = 0;
			defaultConfigurationName = Release;
		};
		5C4E4F4B2249506700D414BB /* Build configuration list for PBXNativeTarget "HW 24 Drawing SupermanUITests" */ = {
			isa = XCConfigurationList;
			buildConfigurations = (
				5C4E4F4C2249506700D414BB /* Debug */,
				5C4E4F4D2249506700D414BB /* Release */,
			);
			defaultConfigurationIsVisible = 0;
			defaultConfigurationName = Release;
		};
/* End XCConfigurationList section */
	};
	rootObject = 5C4E4F152249506500D414BB /* Project object */;
}
